PODS:
  - Alamofire (4.3.0)
  - BNRDeferred (3.0.0)
  - BSWFoundation (1.0.2):
    - Alamofire (~> 4.3.0)
    - BNRDeferred (= 3.0.0)
    - Decodable (~> 0.5)
    - KeychainAccess (~> 3.0.1)
  - BWWalkthrough (2.1.1)
  - Decodable (0.5)
  - FBSnapshotTestCase (2.1.4):
    - FBSnapshotTestCase/SwiftSupport (= 2.1.4)
  - FBSnapshotTestCase/Core (2.1.4)
  - FBSnapshotTestCase/SwiftSupport (2.1.4):
    - FBSnapshotTestCase/Core
  - HiringAppCore (1.0.0):
    - BSWFoundation (~> 1.0.1)
    - KeychainSwift
    - RealmSwift
  - IQKeyboardManager (4.0.10)
  - KeychainAccess (3.0.2)
  - KeychainSwift (8.0.2)
  - Realm (2.8.3):
    - Realm/Headers (= 2.8.3)
  - Realm/Headers (2.8.3)
  - RealmSwift (2.8.3):
    - Realm (= 2.8.3)

DEPENDENCIES:
  - BNRDeferred
  - BWWalkthrough
  - Decodable
  - FBSnapshotTestCase
  - HiringAppCore (from `HiringAppCore`)
  - IQKeyboardManager

EXTERNAL SOURCES:
  HiringAppCore:
    :path: HiringAppCore

SPEC CHECKSUMS:
  Alamofire: 856a113053a7bc9cbe5d6367a555d773fc5cfef7
  BNRDeferred: 0757b256613622d3f3db21bd126ba63031ca3deb
  BSWFoundation: a9bc24005e587b21e4295bcf9f51fbfb7695ca3e
  BWWalkthrough: b8e3f38beb77349d9fa7f30e1dafeaa39e50e007
  Decodable: 7c90acc68d357b71d0d6efc120faf9c53c644b7e
  FBSnapshotTestCase: 094f9f314decbabe373b87cc339bea235a63e07a
  HiringAppCore: 63273ee41a846e338320efe7201be6f522fed150
  IQKeyboardManager: 593ee99b88381f4b9ccb22bd680f22606351bd41
  KeychainAccess: a986406022dfc7c634c691ad3bec670cc6a32002
  KeychainSwift: 213db04dfe7244988e61f77c72a2afb2f775954a
  Realm: 3601ef091c8c499a31101d8563b991e75546cdce
  RealmSwift: 8183818515471b01a99abdd2970f8e4fd52b6f4a

PODFILE CHECKSUM: 7ce264629d9a65be570f08b0bd5ef5646cf1711c

COCOAPODS: 1.2.0
