// !$*UTF8*$!
{
	archiveVersion = 1;
	classes = {
	};
	objectVersion = 46;
	objects = {

/* Begin PBXBuildFile section */
		0652654FE74B2F2EA5F4FB96 /* Pods_HiringAppCoreTests.framework in Frameworks */ = {isa = PBXBuildFile; fileRef = 65A0B9DE992A5283F25637AC /* Pods_HiringAppCoreTests.framework */; };
		0E55BC3F1F0E105F00C79B20 /* RoundedButton.swift in Sources */ = {isa = PBXBuildFile; fileRef = 0E55BC3E1F0E105F00C79B20 /* RoundedButton.swift */; };
		0E8F63F31F0CD90700079C94 /* Localizable.strings in Resources */ = {isa = PBXBuildFile; fileRef = 0E8F63EE1F0CD90700079C94 /* Localizable.strings */; };
		0E8F63F41F0CD90700079C94 /* R.generated.swift in Sources */ = {isa = PBXBuildFile; fileRef = 0E8F63F11F0CD90700079C94 /* R.generated.swift */; };
		0E8F63F51F0CD90700079C94 /* strings.txt in Resources */ = {isa = PBXBuildFile; fileRef = 0E8F63F21F0CD90700079C94 /* strings.txt */; };
		0E8F64051F0CD94800079C94 /* ContactFormSent.swift in Sources */ = {isa = PBXBuildFile; fileRef = 0E8F63FE1F0CD94800079C94 /* ContactFormSent.swift */; };
		0E8F64081F0CDB5600079C94 /* ContactFormViewModel+Fake.swift in Sources */ = {isa = PBXBuildFile; fileRef = 0E8F64071F0CDB5600079C94 /* ContactFormViewModel+Fake.swift */; };
		0E8F640A1F0CDB8E00079C94 /* TechnologiesViewModel+Fake.swift in Sources */ = {isa = PBXBuildFile; fileRef = 0E8F64091F0CDB8E00079C94 /* TechnologiesViewModel+Fake.swift */; };
		0E8F640D1F0CDBAF00079C94 /* ContactFormSnapshoTestCase.swift in Sources */ = {isa = PBXBuildFile; fileRef = 0E8F640C1F0CDBAF00079C94 /* ContactFormSnapshoTestCase.swift */; };
		0E8F64131F0CDC9E00079C94 /* AvenirTypeface.swift in Sources */ = {isa = PBXBuildFile; fileRef = 0E8F640E1F0CDC9E00079C94 /* AvenirTypeface.swift */; };
		0E8F64141F0CDC9E00079C94 /* NSString.swift in Sources */ = {isa = PBXBuildFile; fileRef = 0E8F640F1F0CDC9E00079C94 /* NSString.swift */; };
		0E8F64151F0CDC9E00079C94 /* Stylesheet.swift in Sources */ = {isa = PBXBuildFile; fileRef = 0E8F64101F0CDC9E00079C94 /* Stylesheet.swift */; };
		0E8F64161F0CDC9E00079C94 /* Typeface.swift in Sources */ = {isa = PBXBuildFile; fileRef = 0E8F64111F0CDC9E00079C94 /* Typeface.swift */; };
		0E8F64191F0CDCBA00079C94 /* Utils.swift in Sources */ = {isa = PBXBuildFile; fileRef = 0E8F64181F0CDCBA00079C94 /* Utils.swift */; };
		499961F64855B800470B62AC /* Pods_HiringAppTests.framework in Frameworks */ = {isa = PBXBuildFile; fileRef = 7D12306B4FA4ED1B59289405 /* Pods_HiringAppTests.framework */; };
		61A20D725099DDC4E11E3FB6 /* Pods_HiringApp.framework in Frameworks */ = {isa = PBXBuildFile; fileRef = 179968D7E358D834AA151D9D /* Pods_HiringApp.framework */; };
		6E3FEB5E1F05131000D78426 /* TechnologyModel+Fake.swift in Sources */ = {isa = PBXBuildFile; fileRef = B24D16501F03BCD40030D5C2 /* TechnologyModel+Fake.swift */; };
		7801E9881F0A5518005A68A8 /* TechnologiesBuilder.swift in Sources */ = {isa = PBXBuildFile; fileRef = 7801E9821F0A5518005A68A8 /* TechnologiesBuilder.swift */; };
		7801E9891F0A5518005A68A8 /* TechnologiesInteractor.swift in Sources */ = {isa = PBXBuildFile; fileRef = 7801E9831F0A5518005A68A8 /* TechnologiesInteractor.swift */; };
		7801E98A1F0A5518005A68A8 /* TechnologiesPresenter.swift in Sources */ = {isa = PBXBuildFile; fileRef = 7801E9841F0A5518005A68A8 /* TechnologiesPresenter.swift */; };
		7801E98B1F0A5518005A68A8 /* TechnologiesRouter.swift in Sources */ = {isa = PBXBuildFile; fileRef = 7801E9851F0A5518005A68A8 /* TechnologiesRouter.swift */; };
		7801E98C1F0A5518005A68A8 /* TechnologiesViewController.swift in Sources */ = {isa = PBXBuildFile; fileRef = 7801E9861F0A5518005A68A8 /* TechnologiesViewController.swift */; };
		7801E98D1F0A5518005A68A8 /* TechnologiesViewModel.swift in Sources */ = {isa = PBXBuildFile; fileRef = 7801E9871F0A5518005A68A8 /* TechnologiesViewModel.swift */; };
		7801E99B1F0A5682005A68A8 /* WalkthroughMapViewController.swift in Sources */ = {isa = PBXBuildFile; fileRef = 7801E9901F0A5682005A68A8 /* WalkthroughMapViewController.swift */; };
		7801E99C1F0A5682005A68A8 /* WakthroughPageOneViewController.swift in Sources */ = {isa = PBXBuildFile; fileRef = 7801E9911F0A5682005A68A8 /* WakthroughPageOneViewController.swift */; };
		7801E99D1F0A5682005A68A8 /* Walkthrough.storyboard in Resources */ = {isa = PBXBuildFile; fileRef = 7801E9921F0A5682005A68A8 /* Walkthrough.storyboard */; };
		7801E99E1F0A5682005A68A8 /* WalkthroughBuilder.swift in Sources */ = {isa = PBXBuildFile; fileRef = 7801E9931F0A5682005A68A8 /* WalkthroughBuilder.swift */; };
		7801E99F1F0A5682005A68A8 /* WalkthroughContainerViewController.swift in Sources */ = {isa = PBXBuildFile; fileRef = 7801E9941F0A5682005A68A8 /* WalkthroughContainerViewController.swift */; };
		7801E9A01F0A5682005A68A8 /* WalkthroughPageFourViewController.swift in Sources */ = {isa = PBXBuildFile; fileRef = 7801E9951F0A5682005A68A8 /* WalkthroughPageFourViewController.swift */; };
		7801E9A11F0A5682005A68A8 /* WalkthroughPageThreeViewController.swift in Sources */ = {isa = PBXBuildFile; fileRef = 7801E9961F0A5682005A68A8 /* WalkthroughPageThreeViewController.swift */; };
		7801E9A21F0A5682005A68A8 /* WalkthroughPageTwoViewController.swift in Sources */ = {isa = PBXBuildFile; fileRef = 7801E9971F0A5682005A68A8 /* WalkthroughPageTwoViewController.swift */; };
		7801E9A31F0A5682005A68A8 /* WalkthroughPresenter.swift in Sources */ = {isa = PBXBuildFile; fileRef = 7801E9981F0A5682005A68A8 /* WalkthroughPresenter.swift */; };
		7801E9A41F0A5682005A68A8 /* WalkthroughRouter.swift in Sources */ = {isa = PBXBuildFile; fileRef = 7801E9991F0A5682005A68A8 /* WalkthroughRouter.swift */; };
		7801E9A51F0A5682005A68A8 /* WalkthroughViewController.swift in Sources */ = {isa = PBXBuildFile; fileRef = 7801E99A1F0A5682005A68A8 /* WalkthroughViewController.swift */; };
		780490BC1EF184E200D03BEA /* AppDelegate.swift in Sources */ = {isa = PBXBuildFile; fileRef = 780490BB1EF184E200D03BEA /* AppDelegate.swift */; };
		780490C31EF184E200D03BEA /* Assets.xcassets in Resources */ = {isa = PBXBuildFile; fileRef = 780490C21EF184E200D03BEA /* Assets.xcassets */; };
		780490DC1EF184E200D03BEA /* HiringAppUITests.swift in Sources */ = {isa = PBXBuildFile; fileRef = 780490DB1EF184E200D03BEA /* HiringAppUITests.swift */; };
		780490F31EF1886D00D03BEA /* UIView.swift in Sources */ = {isa = PBXBuildFile; fileRef = 780490F21EF1886D00D03BEA /* UIView.swift */; };
		788606BB1F0E42D000CFFF9E /* AppManager.swift in Sources */ = {isa = PBXBuildFile; fileRef = 780490F61EF189B300D03BEA /* AppManager.swift */; };
		788606BC1F0E42E800CFFF9E /* AppRouter.swift in Sources */ = {isa = PBXBuildFile; fileRef = 780490F41EF1894A00D03BEA /* AppRouter.swift */; };
		788606BD1F0E42F100CFFF9E /* UIStackView+Utilities.swift in Sources */ = {isa = PBXBuildFile; fileRef = 8A5894AA1F04EC0D0096F59B /* UIStackView+Utilities.swift */; };
		788606BE1F0E430700CFFF9E /* AppRootViewController.swift in Sources */ = {isa = PBXBuildFile; fileRef = 780490F01EF1884100D03BEA /* AppRootViewController.swift */; };
		788606C61F0E4F7B00CFFF9E /* ContactFormBuilder.swift in Sources */ = {isa = PBXBuildFile; fileRef = 788606C01F0E4F7B00CFFF9E /* ContactFormBuilder.swift */; };
		788606C71F0E4F7B00CFFF9E /* ContactFormInteractor.swift in Sources */ = {isa = PBXBuildFile; fileRef = 788606C11F0E4F7B00CFFF9E /* ContactFormInteractor.swift */; };
		788606C81F0E4F7B00CFFF9E /* ContactFormPresenter.swift in Sources */ = {isa = PBXBuildFile; fileRef = 788606C21F0E4F7B00CFFF9E /* ContactFormPresenter.swift */; };
		788606C91F0E4F7B00CFFF9E /* ContactFormRouter.swift in Sources */ = {isa = PBXBuildFile; fileRef = 788606C31F0E4F7B00CFFF9E /* ContactFormRouter.swift */; };
		788606CA1F0E4F7B00CFFF9E /* ContactFormViewController.swift in Sources */ = {isa = PBXBuildFile; fileRef = 788606C41F0E4F7B00CFFF9E /* ContactFormViewController.swift */; };
		788606CB1F0E4F7B00CFFF9E /* ContactFormViewModel.swift in Sources */ = {isa = PBXBuildFile; fileRef = 788606C51F0E4F7B00CFFF9E /* ContactFormViewModel.swift */; };
		8A58949A1F04EB390096F59B /* TechnologiesTests.swift in Sources */ = {isa = PBXBuildFile; fileRef = 8A5894991F04EB390096F59B /* TechnologiesTests.swift */; };
		B232E7E11F02B2BC00C37A1C /* AssetsLibrary.framework in Frameworks */ = {isa = PBXBuildFile; fileRef = B232E7E01F02B2BC00C37A1C /* AssetsLibrary.framework */; };
		B232E7E91F02B2F500C37A1C /* AVFoundation.framework in Frameworks */ = {isa = PBXBuildFile; fileRef = B232E7E21F02B2F500C37A1C /* AVFoundation.framework */; };
		B232E7EA1F02B2F500C37A1C /* CoreMedia.framework in Frameworks */ = {isa = PBXBuildFile; fileRef = B232E7E31F02B2F500C37A1C /* CoreMedia.framework */; };
		B232E7EB1F02B2F500C37A1C /* CoreTelephony.framework in Frameworks */ = {isa = PBXBuildFile; fileRef = B232E7E41F02B2F500C37A1C /* CoreTelephony.framework */; };
		B232E7EC1F02B2F500C37A1C /* CoreText.framework in Frameworks */ = {isa = PBXBuildFile; fileRef = B232E7E51F02B2F500C37A1C /* CoreText.framework */; };
		B232E7ED1F02B2F500C37A1C /* CoreVideo.framework in Frameworks */ = {isa = PBXBuildFile; fileRef = B232E7E61F02B2F500C37A1C /* CoreVideo.framework */; };
		B232E7EE1F02B2F500C37A1C /* QuartzCore.framework in Frameworks */ = {isa = PBXBuildFile; fileRef = B232E7E71F02B2F500C37A1C /* QuartzCore.framework */; };
		B232E7EF1F02B2F500C37A1C /* SystemConfiguration.framework in Frameworks */ = {isa = PBXBuildFile; fileRef = B232E7E81F02B2F500C37A1C /* SystemConfiguration.framework */; };
		B232E7F11F02B4E200C37A1C /* BuddyBuildSDK.framework in Frameworks */ = {isa = PBXBuildFile; fileRef = B232E7F01F02B4E200C37A1C /* BuddyBuildSDK.framework */; };
		B24D165B1F03BCD40030D5C2 /* Data+JSON.swift in Sources */ = {isa = PBXBuildFile; fileRef = B24D164D1F03BCD40030D5C2 /* Data+JSON.swift */; };
		B24D165C1F03BCD40030D5C2 /* CandidateModel+Fake.swift in Sources */ = {isa = PBXBuildFile; fileRef = B24D164F1F03BCD40030D5C2 /* CandidateModel+Fake.swift */; };
		B24D165D1F03BCD40030D5C2 /* TechnologyModel+Fake.swift in Sources */ = {isa = PBXBuildFile; fileRef = B24D16501F03BCD40030D5C2 /* TechnologyModel+Fake.swift */; };
		B24D165E1F03BCD40030D5C2 /* TechnologyRealm+Fake.swift in Sources */ = {isa = PBXBuildFile; fileRef = B24D16511F03BCD40030D5C2 /* TechnologyRealm+Fake.swift */; };
		B24D16601F03BCD40030D5C2 /* HiringAppCoreTests.swift in Sources */ = {isa = PBXBuildFile; fileRef = B24D16531F03BCD40030D5C2 /* HiringAppCoreTests.swift */; };
		B24D16621F03BCD40030D5C2 /* technologies.json in Resources */ = {isa = PBXBuildFile; fileRef = B24D16561F03BCD40030D5C2 /* technologies.json */; };
		B24D16631F03BCD40030D5C2 /* ProvidersTests.swift in Sources */ = {isa = PBXBuildFile; fileRef = B24D16581F03BCD40030D5C2 /* ProvidersTests.swift */; };
		B24D16641F03BCD40030D5C2 /* RepositoryTests.swift in Sources */ = {isa = PBXBuildFile; fileRef = B24D16591F03BCD40030D5C2 /* RepositoryTests.swift */; };
		B24D16651F03BCD40030D5C2 /* UtilityTests.swift in Sources */ = {isa = PBXBuildFile; fileRef = B24D165A1F03BCD40030D5C2 /* UtilityTests.swift */; };
		B24D166B1F03CAED0030D5C2 /* SnapshotTestCase.swift in Sources */ = {isa = PBXBuildFile; fileRef = B24D166A1F03CAED0030D5C2 /* SnapshotTestCase.swift */; };
		B24D16701F03D0450030D5C2 /* Scene+Common.swift in Sources */ = {isa = PBXBuildFile; fileRef = B24D166F1F03D0450030D5C2 /* Scene+Common.swift */; };
/* End PBXBuildFile section */

/* Begin PBXContainerItemProxy section */
		780490CD1EF184E200D03BEA /* PBXContainerItemProxy */ = {
			isa = PBXContainerItemProxy;
			containerPortal = 780490B01EF184E200D03BEA /* Project object */;
			proxyType = 1;
			remoteGlobalIDString = 780490B71EF184E200D03BEA;
			remoteInfo = HiringApp;
		};
		780490D81EF184E200D03BEA /* PBXContainerItemProxy */ = {
			isa = PBXContainerItemProxy;
			containerPortal = 780490B01EF184E200D03BEA /* Project object */;
			proxyType = 1;
			remoteGlobalIDString = 780490B71EF184E200D03BEA;
			remoteInfo = HiringApp;
		};
		B24D16481F03BC8C0030D5C2 /* PBXContainerItemProxy */ = {
			isa = PBXContainerItemProxy;
			containerPortal = 780490B01EF184E200D03BEA /* Project object */;
			proxyType = 1;
			remoteGlobalIDString = 780490B71EF184E200D03BEA;
			remoteInfo = HiringApp;
		};
/* End PBXContainerItemProxy section */

/* Begin PBXCopyFilesBuildPhase section */
		B2C879E61EFD1F2000C5671A /* Embed Frameworks */ = {
			isa = PBXCopyFilesBuildPhase;
			buildActionMask = 2147483647;
			dstPath = "";
			dstSubfolderSpec = 10;
			files = (
			);
			name = "Embed Frameworks";
			runOnlyForDeploymentPostprocessing = 0;
		};
/* End PBXCopyFilesBuildPhase section */

/* Begin PBXFileReference section */
		034B0441CD5C6F76FDCBD94F /* Pods-HiringApp.debug.xcconfig */ = {isa = PBXFileReference; includeInIndex = 1; lastKnownFileType = text.xcconfig; name = "Pods-HiringApp.debug.xcconfig"; path = "Pods/Target Support Files/Pods-HiringApp/Pods-HiringApp.debug.xcconfig"; sourceTree = "<group>"; };
		0895AA4230E3280BEBE593BB /* Pods-HiringAppCoreTests.release.xcconfig */ = {isa = PBXFileReference; includeInIndex = 1; lastKnownFileType = text.xcconfig; name = "Pods-HiringAppCoreTests.release.xcconfig"; path = "Pods/Target Support Files/Pods-HiringAppCoreTests/Pods-HiringAppCoreTests.release.xcconfig"; sourceTree = "<group>"; };
		0ACB5A7BA75307C18CB655DA /* Pods-HiringAppCoreTests.debug.xcconfig */ = {isa = PBXFileReference; includeInIndex = 1; lastKnownFileType = text.xcconfig; name = "Pods-HiringAppCoreTests.debug.xcconfig"; path = "Pods/Target Support Files/Pods-HiringAppCoreTests/Pods-HiringAppCoreTests.debug.xcconfig"; sourceTree = "<group>"; };
		0E55BC3E1F0E105F00C79B20 /* RoundedButton.swift */ = {isa = PBXFileReference; fileEncoding = 4; lastKnownFileType = sourcecode.swift; path = RoundedButton.swift; sourceTree = "<group>"; };
		0E8F63EF1F0CD90700079C94 /* en */ = {isa = PBXFileReference; lastKnownFileType = text.plist.strings; name = en; path = en.lproj/Localizable.strings; sourceTree = "<group>"; };
		0E8F63F01F0CD90700079C94 /* es */ = {isa = PBXFileReference; lastKnownFileType = text.plist.strings; name = es; path = es.lproj/Localizable.strings; sourceTree = "<group>"; };
		0E8F63F11F0CD90700079C94 /* R.generated.swift */ = {isa = PBXFileReference; fileEncoding = 4; lastKnownFileType = sourcecode.swift; path = R.generated.swift; sourceTree = "<group>"; };
		0E8F63F21F0CD90700079C94 /* strings.txt */ = {isa = PBXFileReference; fileEncoding = 4; lastKnownFileType = text; path = strings.txt; sourceTree = "<group>"; };
		0E8F63FE1F0CD94800079C94 /* ContactFormSent.swift */ = {isa = PBXFileReference; fileEncoding = 4; lastKnownFileType = sourcecode.swift; path = ContactFormSent.swift; sourceTree = "<group>"; };
		0E8F64071F0CDB5600079C94 /* ContactFormViewModel+Fake.swift */ = {isa = PBXFileReference; fileEncoding = 4; lastKnownFileType = sourcecode.swift; path = "ContactFormViewModel+Fake.swift"; sourceTree = "<group>"; };
		0E8F64091F0CDB8E00079C94 /* TechnologiesViewModel+Fake.swift */ = {isa = PBXFileReference; fileEncoding = 4; lastKnownFileType = sourcecode.swift; path = "TechnologiesViewModel+Fake.swift"; sourceTree = "<group>"; };
		0E8F640C1F0CDBAF00079C94 /* ContactFormSnapshoTestCase.swift */ = {isa = PBXFileReference; fileEncoding = 4; lastKnownFileType = sourcecode.swift; path = ContactFormSnapshoTestCase.swift; sourceTree = "<group>"; };
		0E8F640E1F0CDC9E00079C94 /* AvenirTypeface.swift */ = {isa = PBXFileReference; fileEncoding = 4; lastKnownFileType = sourcecode.swift; path = AvenirTypeface.swift; sourceTree = "<group>"; };
		0E8F640F1F0CDC9E00079C94 /* NSString.swift */ = {isa = PBXFileReference; fileEncoding = 4; lastKnownFileType = sourcecode.swift; path = NSString.swift; sourceTree = "<group>"; };
		0E8F64101F0CDC9E00079C94 /* Stylesheet.swift */ = {isa = PBXFileReference; fileEncoding = 4; lastKnownFileType = sourcecode.swift; path = Stylesheet.swift; sourceTree = "<group>"; };
		0E8F64111F0CDC9E00079C94 /* Typeface.swift */ = {isa = PBXFileReference; fileEncoding = 4; lastKnownFileType = sourcecode.swift; path = Typeface.swift; sourceTree = "<group>"; };
		0E8F64181F0CDCBA00079C94 /* Utils.swift */ = {isa = PBXFileReference; fileEncoding = 4; lastKnownFileType = sourcecode.swift; name = Utils.swift; path = HiringApp/Application/Utils/Utils.swift; sourceTree = SOURCE_ROOT; };
		179968D7E358D834AA151D9D /* Pods_HiringApp.framework */ = {isa = PBXFileReference; explicitFileType = wrapper.framework; includeInIndex = 0; path = Pods_HiringApp.framework; sourceTree = BUILT_PRODUCTS_DIR; };
		65A0B9DE992A5283F25637AC /* Pods_HiringAppCoreTests.framework */ = {isa = PBXFileReference; explicitFileType = wrapper.framework; includeInIndex = 0; path = Pods_HiringAppCoreTests.framework; sourceTree = BUILT_PRODUCTS_DIR; };
		6BE93220D82AC46DE992C47D /* Pods-HiringApp.release.xcconfig */ = {isa = PBXFileReference; includeInIndex = 1; lastKnownFileType = text.xcconfig; name = "Pods-HiringApp.release.xcconfig"; path = "Pods/Target Support Files/Pods-HiringApp/Pods-HiringApp.release.xcconfig"; sourceTree = "<group>"; };
		7801E9821F0A5518005A68A8 /* TechnologiesBuilder.swift */ = {isa = PBXFileReference; fileEncoding = 4; lastKnownFileType = sourcecode.swift; path = TechnologiesBuilder.swift; sourceTree = "<group>"; };
		7801E9831F0A5518005A68A8 /* TechnologiesInteractor.swift */ = {isa = PBXFileReference; fileEncoding = 4; lastKnownFileType = sourcecode.swift; path = TechnologiesInteractor.swift; sourceTree = "<group>"; };
		7801E9841F0A5518005A68A8 /* TechnologiesPresenter.swift */ = {isa = PBXFileReference; fileEncoding = 4; lastKnownFileType = sourcecode.swift; path = TechnologiesPresenter.swift; sourceTree = "<group>"; };
		7801E9851F0A5518005A68A8 /* TechnologiesRouter.swift */ = {isa = PBXFileReference; fileEncoding = 4; lastKnownFileType = sourcecode.swift; path = TechnologiesRouter.swift; sourceTree = "<group>"; };
		7801E9861F0A5518005A68A8 /* TechnologiesViewController.swift */ = {isa = PBXFileReference; fileEncoding = 4; lastKnownFileType = sourcecode.swift; path = TechnologiesViewController.swift; sourceTree = "<group>"; };
		7801E9871F0A5518005A68A8 /* TechnologiesViewModel.swift */ = {isa = PBXFileReference; fileEncoding = 4; lastKnownFileType = sourcecode.swift; path = TechnologiesViewModel.swift; sourceTree = "<group>"; };
		7801E9901F0A5682005A68A8 /* WalkthroughMapViewController.swift */ = {isa = PBXFileReference; fileEncoding = 4; lastKnownFileType = sourcecode.swift; path = WalkthroughMapViewController.swift; sourceTree = "<group>"; };
		7801E9911F0A5682005A68A8 /* WakthroughPageOneViewController.swift */ = {isa = PBXFileReference; fileEncoding = 4; lastKnownFileType = sourcecode.swift; path = WakthroughPageOneViewController.swift; sourceTree = "<group>"; };
		7801E9921F0A5682005A68A8 /* Walkthrough.storyboard */ = {isa = PBXFileReference; fileEncoding = 4; lastKnownFileType = file.storyboard; path = Walkthrough.storyboard; sourceTree = "<group>"; };
		7801E9931F0A5682005A68A8 /* WalkthroughBuilder.swift */ = {isa = PBXFileReference; fileEncoding = 4; lastKnownFileType = sourcecode.swift; path = WalkthroughBuilder.swift; sourceTree = "<group>"; };
		7801E9941F0A5682005A68A8 /* WalkthroughContainerViewController.swift */ = {isa = PBXFileReference; fileEncoding = 4; lastKnownFileType = sourcecode.swift; path = WalkthroughContainerViewController.swift; sourceTree = "<group>"; };
		7801E9951F0A5682005A68A8 /* WalkthroughPageFourViewController.swift */ = {isa = PBXFileReference; fileEncoding = 4; lastKnownFileType = sourcecode.swift; path = WalkthroughPageFourViewController.swift; sourceTree = "<group>"; };
		7801E9961F0A5682005A68A8 /* WalkthroughPageThreeViewController.swift */ = {isa = PBXFileReference; fileEncoding = 4; lastKnownFileType = sourcecode.swift; path = WalkthroughPageThreeViewController.swift; sourceTree = "<group>"; };
		7801E9971F0A5682005A68A8 /* WalkthroughPageTwoViewController.swift */ = {isa = PBXFileReference; fileEncoding = 4; lastKnownFileType = sourcecode.swift; path = WalkthroughPageTwoViewController.swift; sourceTree = "<group>"; };
		7801E9981F0A5682005A68A8 /* WalkthroughPresenter.swift */ = {isa = PBXFileReference; fileEncoding = 4; lastKnownFileType = sourcecode.swift; path = WalkthroughPresenter.swift; sourceTree = "<group>"; };
		7801E9991F0A5682005A68A8 /* WalkthroughRouter.swift */ = {isa = PBXFileReference; fileEncoding = 4; lastKnownFileType = sourcecode.swift; path = WalkthroughRouter.swift; sourceTree = "<group>"; };
		7801E99A1F0A5682005A68A8 /* WalkthroughViewController.swift */ = {isa = PBXFileReference; fileEncoding = 4; lastKnownFileType = sourcecode.swift; path = WalkthroughViewController.swift; sourceTree = "<group>"; };
		780490B81EF184E200D03BEA /* HiringApp.app */ = {isa = PBXFileReference; explicitFileType = wrapper.application; includeInIndex = 0; path = HiringApp.app; sourceTree = BUILT_PRODUCTS_DIR; };
		780490BB1EF184E200D03BEA /* AppDelegate.swift */ = {isa = PBXFileReference; lastKnownFileType = sourcecode.swift; path = AppDelegate.swift; sourceTree = "<group>"; };
		780490BD1EF184E200D03BEA /* ViewController.swift */ = {isa = PBXFileReference; lastKnownFileType = sourcecode.swift; path = ViewController.swift; sourceTree = "<group>"; };
		780490C21EF184E200D03BEA /* Assets.xcassets */ = {isa = PBXFileReference; lastKnownFileType = folder.assetcatalog; path = Assets.xcassets; sourceTree = "<group>"; };
		780490C71EF184E200D03BEA /* Info.plist */ = {isa = PBXFileReference; lastKnownFileType = text.plist.xml; path = Info.plist; sourceTree = "<group>"; };
		780490CC1EF184E200D03BEA /* HiringAppTests.xctest */ = {isa = PBXFileReference; explicitFileType = wrapper.cfbundle; includeInIndex = 0; path = HiringAppTests.xctest; sourceTree = BUILT_PRODUCTS_DIR; };
		780490D21EF184E200D03BEA /* Info.plist */ = {isa = PBXFileReference; lastKnownFileType = text.plist.xml; path = Info.plist; sourceTree = "<group>"; };
		780490D71EF184E200D03BEA /* HiringAppUITests.xctest */ = {isa = PBXFileReference; explicitFileType = wrapper.cfbundle; includeInIndex = 0; path = HiringAppUITests.xctest; sourceTree = BUILT_PRODUCTS_DIR; };
		780490DB1EF184E200D03BEA /* HiringAppUITests.swift */ = {isa = PBXFileReference; lastKnownFileType = sourcecode.swift; path = HiringAppUITests.swift; sourceTree = "<group>"; };
		780490DD1EF184E200D03BEA /* Info.plist */ = {isa = PBXFileReference; lastKnownFileType = text.plist.xml; path = Info.plist; sourceTree = "<group>"; };
		780490F01EF1884100D03BEA /* AppRootViewController.swift */ = {isa = PBXFileReference; fileEncoding = 4; lastKnownFileType = sourcecode.swift; path = AppRootViewController.swift; sourceTree = "<group>"; };
		780490F21EF1886D00D03BEA /* UIView.swift */ = {isa = PBXFileReference; fileEncoding = 4; lastKnownFileType = sourcecode.swift; path = UIView.swift; sourceTree = "<group>"; };
		780490F41EF1894A00D03BEA /* AppRouter.swift */ = {isa = PBXFileReference; fileEncoding = 4; lastKnownFileType = sourcecode.swift; path = AppRouter.swift; sourceTree = "<group>"; };
		780490F61EF189B300D03BEA /* AppManager.swift */ = {isa = PBXFileReference; fileEncoding = 4; lastKnownFileType = sourcecode.swift; path = AppManager.swift; sourceTree = "<group>"; };
		788606C01F0E4F7B00CFFF9E /* ContactFormBuilder.swift */ = {isa = PBXFileReference; fileEncoding = 4; lastKnownFileType = sourcecode.swift; path = ContactFormBuilder.swift; sourceTree = "<group>"; };
		788606C11F0E4F7B00CFFF9E /* ContactFormInteractor.swift */ = {isa = PBXFileReference; fileEncoding = 4; lastKnownFileType = sourcecode.swift; path = ContactFormInteractor.swift; sourceTree = "<group>"; };
		788606C21F0E4F7B00CFFF9E /* ContactFormPresenter.swift */ = {isa = PBXFileReference; fileEncoding = 4; lastKnownFileType = sourcecode.swift; path = ContactFormPresenter.swift; sourceTree = "<group>"; };
		788606C31F0E4F7B00CFFF9E /* ContactFormRouter.swift */ = {isa = PBXFileReference; fileEncoding = 4; lastKnownFileType = sourcecode.swift; path = ContactFormRouter.swift; sourceTree = "<group>"; };
		788606C41F0E4F7B00CFFF9E /* ContactFormViewController.swift */ = {isa = PBXFileReference; fileEncoding = 4; lastKnownFileType = sourcecode.swift; path = ContactFormViewController.swift; sourceTree = "<group>"; };
		788606C51F0E4F7B00CFFF9E /* ContactFormViewModel.swift */ = {isa = PBXFileReference; fileEncoding = 4; lastKnownFileType = sourcecode.swift; path = ContactFormViewModel.swift; sourceTree = "<group>"; };
		7D12306B4FA4ED1B59289405 /* Pods_HiringAppTests.framework */ = {isa = PBXFileReference; explicitFileType = wrapper.framework; includeInIndex = 0; path = Pods_HiringAppTests.framework; sourceTree = BUILT_PRODUCTS_DIR; };
		8A5894991F04EB390096F59B /* TechnologiesTests.swift */ = {isa = PBXFileReference; fileEncoding = 4; lastKnownFileType = sourcecode.swift; name = TechnologiesTests.swift; path = "Tests Technologies/TechnologiesTests.swift"; sourceTree = "<group>"; };
		8A5894AA1F04EC0D0096F59B /* UIStackView+Utilities.swift */ = {isa = PBXFileReference; fileEncoding = 4; lastKnownFileType = sourcecode.swift; path = "UIStackView+Utilities.swift"; sourceTree = "<group>"; };
		8F4143D62620272447D4F65C /* Pods_HiringAppUITests.framework */ = {isa = PBXFileReference; explicitFileType = wrapper.framework; includeInIndex = 0; path = Pods_HiringAppUITests.framework; sourceTree = BUILT_PRODUCTS_DIR; };
		B232E7DD1F02A56F00C37A1C /* HiringApp-Bridging-Header.h */ = {isa = PBXFileReference; lastKnownFileType = sourcecode.c.h; path = "HiringApp-Bridging-Header.h"; sourceTree = "<group>"; };
		B232E7E01F02B2BC00C37A1C /* AssetsLibrary.framework */ = {isa = PBXFileReference; lastKnownFileType = wrapper.framework; name = AssetsLibrary.framework; path = System/Library/Frameworks/AssetsLibrary.framework; sourceTree = SDKROOT; };
		B232E7E21F02B2F500C37A1C /* AVFoundation.framework */ = {isa = PBXFileReference; lastKnownFileType = wrapper.framework; name = AVFoundation.framework; path = System/Library/Frameworks/AVFoundation.framework; sourceTree = SDKROOT; };
		B232E7E31F02B2F500C37A1C /* CoreMedia.framework */ = {isa = PBXFileReference; lastKnownFileType = wrapper.framework; name = CoreMedia.framework; path = System/Library/Frameworks/CoreMedia.framework; sourceTree = SDKROOT; };
		B232E7E41F02B2F500C37A1C /* CoreTelephony.framework */ = {isa = PBXFileReference; lastKnownFileType = wrapper.framework; name = CoreTelephony.framework; path = System/Library/Frameworks/CoreTelephony.framework; sourceTree = SDKROOT; };
		B232E7E51F02B2F500C37A1C /* CoreText.framework */ = {isa = PBXFileReference; lastKnownFileType = wrapper.framework; name = CoreText.framework; path = System/Library/Frameworks/CoreText.framework; sourceTree = SDKROOT; };
		B232E7E61F02B2F500C37A1C /* CoreVideo.framework */ = {isa = PBXFileReference; lastKnownFileType = wrapper.framework; name = CoreVideo.framework; path = System/Library/Frameworks/CoreVideo.framework; sourceTree = SDKROOT; };
		B232E7E71F02B2F500C37A1C /* QuartzCore.framework */ = {isa = PBXFileReference; lastKnownFileType = wrapper.framework; name = QuartzCore.framework; path = System/Library/Frameworks/QuartzCore.framework; sourceTree = SDKROOT; };
		B232E7E81F02B2F500C37A1C /* SystemConfiguration.framework */ = {isa = PBXFileReference; lastKnownFileType = wrapper.framework; name = SystemConfiguration.framework; path = System/Library/Frameworks/SystemConfiguration.framework; sourceTree = SDKROOT; };
		B232E7F01F02B4E200C37A1C /* BuddyBuildSDK.framework */ = {isa = PBXFileReference; lastKnownFileType = wrapper.framework; path = BuddyBuildSDK.framework; sourceTree = "<group>"; };
		B24D16431F03BC8C0030D5C2 /* HiringAppCoreTests.xctest */ = {isa = PBXFileReference; explicitFileType = wrapper.cfbundle; includeInIndex = 0; path = HiringAppCoreTests.xctest; sourceTree = BUILT_PRODUCTS_DIR; };
		B24D16471F03BC8C0030D5C2 /* Info.plist */ = {isa = PBXFileReference; lastKnownFileType = text.plist.xml; path = Info.plist; sourceTree = "<group>"; };
		B24D164D1F03BCD40030D5C2 /* Data+JSON.swift */ = {isa = PBXFileReference; fileEncoding = 4; lastKnownFileType = sourcecode.swift; path = "Data+JSON.swift"; sourceTree = "<group>"; };
		B24D164F1F03BCD40030D5C2 /* CandidateModel+Fake.swift */ = {isa = PBXFileReference; fileEncoding = 4; lastKnownFileType = sourcecode.swift; path = "CandidateModel+Fake.swift"; sourceTree = "<group>"; };
		B24D16501F03BCD40030D5C2 /* TechnologyModel+Fake.swift */ = {isa = PBXFileReference; fileEncoding = 4; lastKnownFileType = sourcecode.swift; path = "TechnologyModel+Fake.swift"; sourceTree = "<group>"; };
		B24D16511F03BCD40030D5C2 /* TechnologyRealm+Fake.swift */ = {isa = PBXFileReference; fileEncoding = 4; lastKnownFileType = sourcecode.swift; path = "TechnologyRealm+Fake.swift"; sourceTree = "<group>"; };
		B24D16531F03BCD40030D5C2 /* HiringAppCoreTests.swift */ = {isa = PBXFileReference; fileEncoding = 4; lastKnownFileType = sourcecode.swift; path = HiringAppCoreTests.swift; sourceTree = "<group>"; };
		B24D16561F03BCD40030D5C2 /* technologies.json */ = {isa = PBXFileReference; fileEncoding = 4; lastKnownFileType = text.json; path = technologies.json; sourceTree = "<group>"; };
		B24D16581F03BCD40030D5C2 /* ProvidersTests.swift */ = {isa = PBXFileReference; fileEncoding = 4; lastKnownFileType = sourcecode.swift; path = ProvidersTests.swift; sourceTree = "<group>"; };
		B24D16591F03BCD40030D5C2 /* RepositoryTests.swift */ = {isa = PBXFileReference; fileEncoding = 4; lastKnownFileType = sourcecode.swift; path = RepositoryTests.swift; sourceTree = "<group>"; };
		B24D165A1F03BCD40030D5C2 /* UtilityTests.swift */ = {isa = PBXFileReference; fileEncoding = 4; lastKnownFileType = sourcecode.swift; path = UtilityTests.swift; sourceTree = "<group>"; };
		B24D166A1F03CAED0030D5C2 /* SnapshotTestCase.swift */ = {isa = PBXFileReference; fileEncoding = 4; lastKnownFileType = sourcecode.swift; path = SnapshotTestCase.swift; sourceTree = "<group>"; };
		B24D166F1F03D0450030D5C2 /* Scene+Common.swift */ = {isa = PBXFileReference; fileEncoding = 4; lastKnownFileType = sourcecode.swift; path = "Scene+Common.swift"; sourceTree = "<group>"; };
		D5E6658F1F115D7D69C42E18 /* Pods-HiringAppTests.release.xcconfig */ = {isa = PBXFileReference; includeInIndex = 1; lastKnownFileType = text.xcconfig; name = "Pods-HiringAppTests.release.xcconfig"; path = "Pods/Target Support Files/Pods-HiringAppTests/Pods-HiringAppTests.release.xcconfig"; sourceTree = "<group>"; };
		D8A2C85A5DD7300D050F24CB /* Pods-HiringAppTests.debug.xcconfig */ = {isa = PBXFileReference; includeInIndex = 1; lastKnownFileType = text.xcconfig; name = "Pods-HiringAppTests.debug.xcconfig"; path = "Pods/Target Support Files/Pods-HiringAppTests/Pods-HiringAppTests.debug.xcconfig"; sourceTree = "<group>"; };
/* End PBXFileReference section */

/* Begin PBXFrameworksBuildPhase section */
		780490B51EF184E200D03BEA /* Frameworks */ = {
			isa = PBXFrameworksBuildPhase;
			buildActionMask = 2147483647;
			files = (
				B232E7E91F02B2F500C37A1C /* AVFoundation.framework in Frameworks */,
				B232E7EA1F02B2F500C37A1C /* CoreMedia.framework in Frameworks */,
				B232E7EB1F02B2F500C37A1C /* CoreTelephony.framework in Frameworks */,
				B232E7EC1F02B2F500C37A1C /* CoreText.framework in Frameworks */,
				B232E7ED1F02B2F500C37A1C /* CoreVideo.framework in Frameworks */,
				B232E7F11F02B4E200C37A1C /* BuddyBuildSDK.framework in Frameworks */,
				B232E7EE1F02B2F500C37A1C /* QuartzCore.framework in Frameworks */,
				B232E7EF1F02B2F500C37A1C /* SystemConfiguration.framework in Frameworks */,
				B232E7E11F02B2BC00C37A1C /* AssetsLibrary.framework in Frameworks */,
				61A20D725099DDC4E11E3FB6 /* Pods_HiringApp.framework in Frameworks */,
			);
			runOnlyForDeploymentPostprocessing = 0;
		};
		780490C91EF184E200D03BEA /* Frameworks */ = {
			isa = PBXFrameworksBuildPhase;
			buildActionMask = 2147483647;
			files = (
				499961F64855B800470B62AC /* Pods_HiringAppTests.framework in Frameworks */,
			);
			runOnlyForDeploymentPostprocessing = 0;
		};
		780490D41EF184E200D03BEA /* Frameworks */ = {
			isa = PBXFrameworksBuildPhase;
			buildActionMask = 2147483647;
			files = (
			);
			runOnlyForDeploymentPostprocessing = 0;
		};
		B24D16401F03BC8C0030D5C2 /* Frameworks */ = {
			isa = PBXFrameworksBuildPhase;
			buildActionMask = 2147483647;
			files = (
				0652654FE74B2F2EA5F4FB96 /* Pods_HiringAppCoreTests.framework in Frameworks */,
			);
			runOnlyForDeploymentPostprocessing = 0;
		};
/* End PBXFrameworksBuildPhase section */

/* Begin PBXGroup section */
		0E8F63EC1F0CD90700079C94 /* Resources */ = {
			isa = PBXGroup;
			children = (
				0E8F63ED1F0CD90700079C94 /* Localizables */,
			);
			name = Resources;
			path = HiringApp/Resources;
			sourceTree = SOURCE_ROOT;
		};
		0E8F63ED1F0CD90700079C94 /* Localizables */ = {
			isa = PBXGroup;
			children = (
				0E8F63EE1F0CD90700079C94 /* Localizable.strings */,
				0E8F63F11F0CD90700079C94 /* R.generated.swift */,
				0E8F63F21F0CD90700079C94 /* strings.txt */,
			);
			path = Localizables;
			sourceTree = "<group>";
		};
		0E8F63FD1F0CD94800079C94 /* ContactFormSent */ = {
			isa = PBXGroup;
			children = (
				0E8F63FE1F0CD94800079C94 /* ContactFormSent.swift */,
			);
			path = ContactFormSent;
			sourceTree = "<group>";
		};
		0E8F64061F0CDB5600079C94 /* FakeModels */ = {
			isa = PBXGroup;
			children = (
				0E8F64091F0CDB8E00079C94 /* TechnologiesViewModel+Fake.swift */,
				0E8F64071F0CDB5600079C94 /* ContactFormViewModel+Fake.swift */,
			);
			path = FakeModels;
			sourceTree = "<group>";
		};
		0E8F640B1F0CDBAF00079C94 /* ContactFormTests */ = {
			isa = PBXGroup;
			children = (
				0E8F640C1F0CDBAF00079C94 /* ContactFormSnapshoTestCase.swift */,
			);
			path = ContactFormTests;
			sourceTree = "<group>";
		};
		7801E9811F0A5518005A68A8 /* TechnologiesList */ = {
			isa = PBXGroup;
			children = (
				7801E9821F0A5518005A68A8 /* TechnologiesBuilder.swift */,
				7801E9831F0A5518005A68A8 /* TechnologiesInteractor.swift */,
				7801E9841F0A5518005A68A8 /* TechnologiesPresenter.swift */,
				7801E9851F0A5518005A68A8 /* TechnologiesRouter.swift */,
				7801E9861F0A5518005A68A8 /* TechnologiesViewController.swift */,
				7801E9871F0A5518005A68A8 /* TechnologiesViewModel.swift */,
			);
			path = TechnologiesList;
			sourceTree = "<group>";
		};
		7801E98E1F0A5682005A68A8 /* Walkhthrough */ = {
			isa = PBXGroup;
			children = (
				7801E98F1F0A5682005A68A8 /* Map controller */,
				7801E9911F0A5682005A68A8 /* WakthroughPageOneViewController.swift */,
				7801E9921F0A5682005A68A8 /* Walkthrough.storyboard */,
				7801E9931F0A5682005A68A8 /* WalkthroughBuilder.swift */,
				7801E9941F0A5682005A68A8 /* WalkthroughContainerViewController.swift */,
				7801E9951F0A5682005A68A8 /* WalkthroughPageFourViewController.swift */,
				7801E9961F0A5682005A68A8 /* WalkthroughPageThreeViewController.swift */,
				7801E9971F0A5682005A68A8 /* WalkthroughPageTwoViewController.swift */,
				7801E9981F0A5682005A68A8 /* WalkthroughPresenter.swift */,
				7801E9991F0A5682005A68A8 /* WalkthroughRouter.swift */,
				7801E99A1F0A5682005A68A8 /* WalkthroughViewController.swift */,
			);
			path = Walkhthrough;
			sourceTree = "<group>";
		};
		7801E98F1F0A5682005A68A8 /* Map controller */ = {
			isa = PBXGroup;
			children = (
				7801E9901F0A5682005A68A8 /* WalkthroughMapViewController.swift */,
			);
			path = "Map controller";
			sourceTree = "<group>";
		};
		780490AF1EF184E200D03BEA = {
			isa = PBXGroup;
			children = (
				780490BA1EF184E200D03BEA /* HiringApp */,
				780490CF1EF184E200D03BEA /* HiringAppTests */,
				780490DA1EF184E200D03BEA /* HiringAppUITests */,
				B24D16441F03BC8C0030D5C2 /* HiringAppCoreTests */,
				780490B91EF184E200D03BEA /* Products */,
				D70ADD56E670A87AA4616E22 /* Pods */,
				F2308B00C3C6458564A6D262 /* Frameworks */,
			);
			sourceTree = "<group>";
		};
		780490B91EF184E200D03BEA /* Products */ = {
			isa = PBXGroup;
			children = (
				780490B81EF184E200D03BEA /* HiringApp.app */,
				780490CC1EF184E200D03BEA /* HiringAppTests.xctest */,
				780490D71EF184E200D03BEA /* HiringAppUITests.xctest */,
				B24D16431F03BC8C0030D5C2 /* HiringAppCoreTests.xctest */,
			);
			name = Products;
			sourceTree = "<group>";
		};
		780490BA1EF184E200D03BEA /* HiringApp */ = {
			isa = PBXGroup;
			children = (
				780490BB1EF184E200D03BEA /* AppDelegate.swift */,
				780490F61EF189B300D03BEA /* AppManager.swift */,
				780490E91EF1881F00D03BEA /* Application */,
				780490C21EF184E200D03BEA /* Assets.xcassets */,
				780490C71EF184E200D03BEA /* Info.plist */,
				780490EE1EF1881F00D03BEA /* Resources */,
				780490EF1EF1881F00D03BEA /* Utils */,
				780490BD1EF184E200D03BEA /* ViewController.swift */,
				B232E7DD1F02A56F00C37A1C /* HiringApp-Bridging-Header.h */,
			);
			path = HiringApp;
			sourceTree = "<group>";
		};
		780490CF1EF184E200D03BEA /* HiringAppTests */ = {
			isa = PBXGroup;
			children = (
				0E8F640B1F0CDBAF00079C94 /* ContactFormTests */,
				0E8F64061F0CDB5600079C94 /* FakeModels */,
				8A5894981F04EB0F0096F59B /* Test technologies */,
				780490D21EF184E200D03BEA /* Info.plist */,
				B24D166A1F03CAED0030D5C2 /* SnapshotTestCase.swift */,
			);
			path = HiringAppTests;
			sourceTree = "<group>";
		};
		780490DA1EF184E200D03BEA /* HiringAppUITests */ = {
			isa = PBXGroup;
			children = (
				780490DB1EF184E200D03BEA /* HiringAppUITests.swift */,
				780490DD1EF184E200D03BEA /* Info.plist */,
			);
			path = HiringAppUITests;
			sourceTree = "<group>";
		};
		780490E91EF1881F00D03BEA /* Application */ = {
			isa = PBXGroup;
			children = (
				780490F01EF1884100D03BEA /* AppRootViewController.swift */,
				780490F41EF1894A00D03BEA /* AppRouter.swift */,
				780490EA1EF1881F00D03BEA /* Extensions */,
				780490EB1EF1881F00D03BEA /* Protocols */,
				780490EC1EF1881F00D03BEA /* Reusable components */,
				0E8F63EC1F0CD90700079C94 /* Resources */,
				780490ED1EF1881F00D03BEA /* Scenes */,
			);
			path = Application;
			sourceTree = "<group>";
		};
		780490EA1EF1881F00D03BEA /* Extensions */ = {
			isa = PBXGroup;
			children = (
				0E8F640E1F0CDC9E00079C94 /* AvenirTypeface.swift */,
				0E8F640F1F0CDC9E00079C94 /* NSString.swift */,
				0E8F64101F0CDC9E00079C94 /* Stylesheet.swift */,
				0E8F64111F0CDC9E00079C94 /* Typeface.swift */,
				8A5894AA1F04EC0D0096F59B /* UIStackView+Utilities.swift */,
				780490F21EF1886D00D03BEA /* UIView.swift */,
			);
			path = Extensions;
			sourceTree = "<group>";
		};
		780490EB1EF1881F00D03BEA /* Protocols */ = {
			isa = PBXGroup;
			children = (
			);
			path = Protocols;
			sourceTree = "<group>";
		};
		780490EC1EF1881F00D03BEA /* Reusable components */ = {
			isa = PBXGroup;
			children = (
				0E55BC3E1F0E105F00C79B20 /* RoundedButton.swift */,
			);
			path = "Reusable components";
			sourceTree = "<group>";
		};
		780490ED1EF1881F00D03BEA /* Scenes */ = {
			isa = PBXGroup;
			children = (
				788606BF1F0E4F7B00CFFF9E /* ContactForm */,
				0E8F63FD1F0CD94800079C94 /* ContactFormSent */,
				B24D166F1F03D0450030D5C2 /* Scene+Common.swift */,
				7801E9811F0A5518005A68A8 /* TechnologiesList */,
				7801E98E1F0A5682005A68A8 /* Walkhthrough */,
			);
			path = Scenes;
			sourceTree = "<group>";
		};
		780490EE1EF1881F00D03BEA /* Resources */ = {
			isa = PBXGroup;
			children = (
			);
			path = Resources;
			sourceTree = "<group>";
		};
		780490EF1EF1881F00D03BEA /* Utils */ = {
			isa = PBXGroup;
			children = (
				0E8F64181F0CDCBA00079C94 /* Utils.swift */,
			);
			path = Utils;
			sourceTree = "<group>";
		};
		788606BF1F0E4F7B00CFFF9E /* ContactForm */ = {
			isa = PBXGroup;
			children = (
				788606C01F0E4F7B00CFFF9E /* ContactFormBuilder.swift */,
				788606C11F0E4F7B00CFFF9E /* ContactFormInteractor.swift */,
				788606C21F0E4F7B00CFFF9E /* ContactFormPresenter.swift */,
				788606C31F0E4F7B00CFFF9E /* ContactFormRouter.swift */,
				788606C41F0E4F7B00CFFF9E /* ContactFormViewController.swift */,
				788606C51F0E4F7B00CFFF9E /* ContactFormViewModel.swift */,
			);
			path = ContactForm;
			sourceTree = "<group>";
		};
		8A5894981F04EB0F0096F59B /* Test technologies */ = {
			isa = PBXGroup;
			children = (
				8A5894991F04EB390096F59B /* TechnologiesTests.swift */,
			);
			name = "Test technologies";
			sourceTree = "<group>";
		};
		B24D16441F03BC8C0030D5C2 /* HiringAppCoreTests */ = {
			isa = PBXGroup;
			children = (
				B24D164D1F03BCD40030D5C2 /* Data+JSON.swift */,
				B24D164E1F03BCD40030D5C2 /* FakeModels */,
				B24D16531F03BCD40030D5C2 /* HiringAppCoreTests.swift */,
				B24D16551F03BCD40030D5C2 /* json */,
				B24D16571F03BCD40030D5C2 /* Tests */,
				B24D16471F03BC8C0030D5C2 /* Info.plist */,
			);
			path = HiringAppCoreTests;
			sourceTree = "<group>";
		};
		B24D164E1F03BCD40030D5C2 /* FakeModels */ = {
			isa = PBXGroup;
			children = (
				B24D164F1F03BCD40030D5C2 /* CandidateModel+Fake.swift */,
				B24D16501F03BCD40030D5C2 /* TechnologyModel+Fake.swift */,
				B24D16511F03BCD40030D5C2 /* TechnologyRealm+Fake.swift */,
			);
			path = FakeModels;
			sourceTree = "<group>";
		};
		B24D16551F03BCD40030D5C2 /* json */ = {
			isa = PBXGroup;
			children = (
				B24D16561F03BCD40030D5C2 /* technologies.json */,
			);
			path = json;
			sourceTree = "<group>";
		};
		B24D16571F03BCD40030D5C2 /* Tests */ = {
			isa = PBXGroup;
			children = (
				B24D16581F03BCD40030D5C2 /* ProvidersTests.swift */,
				B24D16591F03BCD40030D5C2 /* RepositoryTests.swift */,
				B24D165A1F03BCD40030D5C2 /* UtilityTests.swift */,
			);
			path = Tests;
			sourceTree = "<group>";
		};
		D70ADD56E670A87AA4616E22 /* Pods */ = {
			isa = PBXGroup;
			children = (
				034B0441CD5C6F76FDCBD94F /* Pods-HiringApp.debug.xcconfig */,
				6BE93220D82AC46DE992C47D /* Pods-HiringApp.release.xcconfig */,
				D8A2C85A5DD7300D050F24CB /* Pods-HiringAppTests.debug.xcconfig */,
				D5E6658F1F115D7D69C42E18 /* Pods-HiringAppTests.release.xcconfig */,
				0ACB5A7BA75307C18CB655DA /* Pods-HiringAppCoreTests.debug.xcconfig */,
				0895AA4230E3280BEBE593BB /* Pods-HiringAppCoreTests.release.xcconfig */,
			);
			name = Pods;
			sourceTree = "<group>";
		};
		F2308B00C3C6458564A6D262 /* Frameworks */ = {
			isa = PBXGroup;
			children = (
				B232E7F01F02B4E200C37A1C /* BuddyBuildSDK.framework */,
				B232E7E21F02B2F500C37A1C /* AVFoundation.framework */,
				B232E7E31F02B2F500C37A1C /* CoreMedia.framework */,
				B232E7E41F02B2F500C37A1C /* CoreTelephony.framework */,
				B232E7E51F02B2F500C37A1C /* CoreText.framework */,
				B232E7E61F02B2F500C37A1C /* CoreVideo.framework */,
				B232E7E71F02B2F500C37A1C /* QuartzCore.framework */,
				B232E7E81F02B2F500C37A1C /* SystemConfiguration.framework */,
				B232E7E01F02B2BC00C37A1C /* AssetsLibrary.framework */,
				179968D7E358D834AA151D9D /* Pods_HiringApp.framework */,
				7D12306B4FA4ED1B59289405 /* Pods_HiringAppTests.framework */,
				8F4143D62620272447D4F65C /* Pods_HiringAppUITests.framework */,
				65A0B9DE992A5283F25637AC /* Pods_HiringAppCoreTests.framework */,
			);
			name = Frameworks;
			sourceTree = "<group>";
		};
/* End PBXGroup section */

/* Begin PBXNativeTarget section */
		780490B71EF184E200D03BEA /* HiringApp */ = {
			isa = PBXNativeTarget;
			buildConfigurationList = 780490E01EF184E200D03BEA /* Build configuration list for PBXNativeTarget "HiringApp" */;
			buildPhases = (
				1160D444A6D140266BFCDC7E /* [CP] Check Pods Manifest.lock */,
				0E8F641B1F0D0FB000079C94 /* Build localized strings */,
				0E8F641A1F0D0EF300079C94 /* Rswift */,
				780490B41EF184E200D03BEA /* Sources */,
				780490B51EF184E200D03BEA /* Frameworks */,
				780490B61EF184E200D03BEA /* Resources */,
				C6A21761CED6B462A5241828 /* [CP] Embed Pods Frameworks */,
				963EC2792665CB70BFD28966 /* [CP] Copy Pods Resources */,
				B2C879E61EFD1F2000C5671A /* Embed Frameworks */,
			);
			buildRules = (
			);
			dependencies = (
			);
			name = HiringApp;
			productName = HiringApp;
			productReference = 780490B81EF184E200D03BEA /* HiringApp.app */;
			productType = "com.apple.product-type.application";
		};
		780490CB1EF184E200D03BEA /* HiringAppTests */ = {
			isa = PBXNativeTarget;
			buildConfigurationList = 780490E31EF184E200D03BEA /* Build configuration list for PBXNativeTarget "HiringAppTests" */;
			buildPhases = (
				141BBCA8BF7E68ABCE2095DD /* [CP] Check Pods Manifest.lock */,
				780490C81EF184E200D03BEA /* Sources */,
				780490C91EF184E200D03BEA /* Frameworks */,
				780490CA1EF184E200D03BEA /* Resources */,
				1144762A13500405FA946CE2 /* [CP] Embed Pods Frameworks */,
				F385C9381D03FB314394521F /* [CP] Copy Pods Resources */,
			);
			buildRules = (
			);
			dependencies = (
				780490CE1EF184E200D03BEA /* PBXTargetDependency */,
			);
			name = HiringAppTests;
			productName = HiringAppTests;
			productReference = 780490CC1EF184E200D03BEA /* HiringAppTests.xctest */;
			productType = "com.apple.product-type.bundle.unit-test";
		};
		780490D61EF184E200D03BEA /* HiringAppUITests */ = {
			isa = PBXNativeTarget;
			buildConfigurationList = 780490E61EF184E200D03BEA /* Build configuration list for PBXNativeTarget "HiringAppUITests" */;
			buildPhases = (
				780490D31EF184E200D03BEA /* Sources */,
				780490D41EF184E200D03BEA /* Frameworks */,
				780490D51EF184E200D03BEA /* Resources */,
			);
			buildRules = (
			);
			dependencies = (
				780490D91EF184E200D03BEA /* PBXTargetDependency */,
			);
			name = HiringAppUITests;
			productName = HiringAppUITests;
			productReference = 780490D71EF184E200D03BEA /* HiringAppUITests.xctest */;
			productType = "com.apple.product-type.bundle.ui-testing";
		};
		B24D16421F03BC8C0030D5C2 /* HiringAppCoreTests */ = {
			isa = PBXNativeTarget;
			buildConfigurationList = B24D164A1F03BC8D0030D5C2 /* Build configuration list for PBXNativeTarget "HiringAppCoreTests" */;
			buildPhases = (
				7DC5871BCDDA1CAC89672F02 /* [CP] Check Pods Manifest.lock */,
				B24D163F1F03BC8C0030D5C2 /* Sources */,
				B24D16401F03BC8C0030D5C2 /* Frameworks */,
				B24D16411F03BC8C0030D5C2 /* Resources */,
				DA7558C5E898FAE5C45876CA /* [CP] Embed Pods Frameworks */,
				F50282EEA9FE8F40775CDC63 /* [CP] Copy Pods Resources */,
			);
			buildRules = (
			);
			dependencies = (
				B24D16491F03BC8C0030D5C2 /* PBXTargetDependency */,
			);
			name = HiringAppCoreTests;
			productName = HiringAppCoreTests;
			productReference = B24D16431F03BC8C0030D5C2 /* HiringAppCoreTests.xctest */;
			productType = "com.apple.product-type.bundle.unit-test";
		};
/* End PBXNativeTarget section */

/* Begin PBXProject section */
		780490B01EF184E200D03BEA /* Project object */ = {
			isa = PBXProject;
			attributes = {
				LastSwiftUpdateCheck = 0830;
				LastUpgradeCheck = 0830;
				ORGANIZATIONNAME = "Visual Engineering";
				TargetAttributes = {
					780490B71EF184E200D03BEA = {
						CreatedOnToolsVersion = 8.3.2;
						DevelopmentTeam = 8TPCY3528B;
						LastSwiftMigration = 0830;
						ProvisioningStyle = Automatic;
					};
					780490CB1EF184E200D03BEA = {
						CreatedOnToolsVersion = 8.3.2;
						DevelopmentTeam = U57BHELK4C;
						LastSwiftMigration = 0830;
						ProvisioningStyle = Automatic;
						TestTargetID = 780490B71EF184E200D03BEA;
					};
					780490D61EF184E200D03BEA = {
						CreatedOnToolsVersion = 8.3.2;
						DevelopmentTeam = U57BHELK4C;
						ProvisioningStyle = Automatic;
						TestTargetID = 780490B71EF184E200D03BEA;
					};
					B24D16421F03BC8C0030D5C2 = {
						CreatedOnToolsVersion = 8.3.2;
						DevelopmentTeam = U57BHELK4C;
						ProvisioningStyle = Automatic;
						TestTargetID = 780490B71EF184E200D03BEA;
					};
				};
			};
			buildConfigurationList = 780490B31EF184E200D03BEA /* Build configuration list for PBXProject "HiringApp" */;
			compatibilityVersion = "Xcode 3.2";
			developmentRegion = English;
			hasScannedForEncodings = 0;
			knownRegions = (
				en,
				Base,
				es,
			);
			mainGroup = 780490AF1EF184E200D03BEA;
			productRefGroup = 780490B91EF184E200D03BEA /* Products */;
			projectDirPath = "";
			projectRoot = "";
			targets = (
				780490B71EF184E200D03BEA /* HiringApp */,
				780490CB1EF184E200D03BEA /* HiringAppTests */,
				780490D61EF184E200D03BEA /* HiringAppUITests */,
				B24D16421F03BC8C0030D5C2 /* HiringAppCoreTests */,
			);
		};
/* End PBXProject section */

/* Begin PBXResourcesBuildPhase section */
		780490B61EF184E200D03BEA /* Resources */ = {
			isa = PBXResourcesBuildPhase;
			buildActionMask = 2147483647;
			files = (
				780490C31EF184E200D03BEA /* Assets.xcassets in Resources */,
				7801E99D1F0A5682005A68A8 /* Walkthrough.storyboard in Resources */,
				0E8F63F31F0CD90700079C94 /* Localizable.strings in Resources */,
				0E8F63F51F0CD90700079C94 /* strings.txt in Resources */,
			);
			runOnlyForDeploymentPostprocessing = 0;
		};
		780490CA1EF184E200D03BEA /* Resources */ = {
			isa = PBXResourcesBuildPhase;
			buildActionMask = 2147483647;
			files = (
			);
			runOnlyForDeploymentPostprocessing = 0;
		};
		780490D51EF184E200D03BEA /* Resources */ = {
			isa = PBXResourcesBuildPhase;
			buildActionMask = 2147483647;
			files = (
			);
			runOnlyForDeploymentPostprocessing = 0;
		};
		B24D16411F03BC8C0030D5C2 /* Resources */ = {
			isa = PBXResourcesBuildPhase;
			buildActionMask = 2147483647;
			files = (
				B24D16621F03BCD40030D5C2 /* technologies.json in Resources */,
			);
			runOnlyForDeploymentPostprocessing = 0;
		};
/* End PBXResourcesBuildPhase section */

/* Begin PBXShellScriptBuildPhase section */
		0E8F641A1F0D0EF300079C94 /* Rswift */ = {
			isa = PBXShellScriptBuildPhase;
			buildActionMask = 2147483647;
			files = (
			);
			inputPaths = (
			);
			name = Rswift;
			outputPaths = (
			);
			runOnlyForDeploymentPostprocessing = 0;
			shellPath = /bin/sh;
			shellScript = "\"$PODS_ROOT/R.swift/rswift\" \"HiringApp/Resources/Localizables\"\n";
		};
		0E8F641B1F0D0FB000079C94 /* Build localized strings */ = {
			isa = PBXShellScriptBuildPhase;
			buildActionMask = 2147483647;
			files = (
			);
			inputPaths = (
			);
			name = "Build localized strings";
			outputPaths = (
			);
			runOnlyForDeploymentPostprocessing = 0;
			shellPath = /bin/sh;
			shellScript = "if [ \"${CONFIGURATION}\" = \"Debug\" ]; then\ntwine generate-all-localization-files \"HiringApp/Resources/Localizables/strings.txt\" \"HiringApp/Resources/Localizables\" --tags ios\nfi";
		};
		1144762A13500405FA946CE2 /* [CP] Embed Pods Frameworks */ = {
			isa = PBXShellScriptBuildPhase;
			buildActionMask = 2147483647;
			files = (
			);
			inputPaths = (
			);
			name = "[CP] Embed Pods Frameworks";
			outputPaths = (
			);
			runOnlyForDeploymentPostprocessing = 0;
			shellPath = /bin/sh;
			shellScript = "\"${SRCROOT}/Pods/Target Support Files/Pods-HiringAppTests/Pods-HiringAppTests-frameworks.sh\"\n";
			showEnvVarsInLog = 0;
		};
		1160D444A6D140266BFCDC7E /* [CP] Check Pods Manifest.lock */ = {
			isa = PBXShellScriptBuildPhase;
			buildActionMask = 2147483647;
			files = (
			);
			inputPaths = (
			);
			name = "[CP] Check Pods Manifest.lock";
			outputPaths = (
			);
			runOnlyForDeploymentPostprocessing = 0;
			shellPath = /bin/sh;
			shellScript = "diff \"${PODS_ROOT}/../Podfile.lock\" \"${PODS_ROOT}/Manifest.lock\" > /dev/null\nif [ $? != 0 ] ; then\n    # print error to STDERR\n    echo \"error: The sandbox is not in sync with the Podfile.lock. Run 'pod install' or update your CocoaPods installation.\" >&2\n    exit 1\nfi\n";
			showEnvVarsInLog = 0;
		};
		141BBCA8BF7E68ABCE2095DD /* [CP] Check Pods Manifest.lock */ = {
			isa = PBXShellScriptBuildPhase;
			buildActionMask = 2147483647;
			files = (
			);
			inputPaths = (
			);
			name = "[CP] Check Pods Manifest.lock";
			outputPaths = (
			);
			runOnlyForDeploymentPostprocessing = 0;
			shellPath = /bin/sh;
			shellScript = "diff \"${PODS_ROOT}/../Podfile.lock\" \"${PODS_ROOT}/Manifest.lock\" > /dev/null\nif [ $? != 0 ] ; then\n    # print error to STDERR\n    echo \"error: The sandbox is not in sync with the Podfile.lock. Run 'pod install' or update your CocoaPods installation.\" >&2\n    exit 1\nfi\n";
			showEnvVarsInLog = 0;
		};
		7DC5871BCDDA1CAC89672F02 /* [CP] Check Pods Manifest.lock */ = {
			isa = PBXShellScriptBuildPhase;
			buildActionMask = 2147483647;
			files = (
			);
			inputPaths = (
			);
			name = "[CP] Check Pods Manifest.lock";
			outputPaths = (
			);
			runOnlyForDeploymentPostprocessing = 0;
			shellPath = /bin/sh;
			shellScript = "diff \"${PODS_ROOT}/../Podfile.lock\" \"${PODS_ROOT}/Manifest.lock\" > /dev/null\nif [ $? != 0 ] ; then\n    # print error to STDERR\n    echo \"error: The sandbox is not in sync with the Podfile.lock. Run 'pod install' or update your CocoaPods installation.\" >&2\n    exit 1\nfi\n";
			showEnvVarsInLog = 0;
		};
		963EC2792665CB70BFD28966 /* [CP] Copy Pods Resources */ = {
			isa = PBXShellScriptBuildPhase;
			buildActionMask = 2147483647;
			files = (
			);
			inputPaths = (
			);
			name = "[CP] Copy Pods Resources";
			outputPaths = (
			);
			runOnlyForDeploymentPostprocessing = 0;
			shellPath = /bin/sh;
			shellScript = "\"${SRCROOT}/Pods/Target Support Files/Pods-HiringApp/Pods-HiringApp-resources.sh\"\n";
			showEnvVarsInLog = 0;
		};
		C6A21761CED6B462A5241828 /* [CP] Embed Pods Frameworks */ = {
			isa = PBXShellScriptBuildPhase;
			buildActionMask = 2147483647;
			files = (
			);
			inputPaths = (
			);
			name = "[CP] Embed Pods Frameworks";
			outputPaths = (
			);
			runOnlyForDeploymentPostprocessing = 0;
			shellPath = /bin/sh;
			shellScript = "\"${SRCROOT}/Pods/Target Support Files/Pods-HiringApp/Pods-HiringApp-frameworks.sh\"\n";
			showEnvVarsInLog = 0;
		};
		DA7558C5E898FAE5C45876CA /* [CP] Embed Pods Frameworks */ = {
			isa = PBXShellScriptBuildPhase;
			buildActionMask = 2147483647;
			files = (
			);
			inputPaths = (
			);
			name = "[CP] Embed Pods Frameworks";
			outputPaths = (
			);
			runOnlyForDeploymentPostprocessing = 0;
			shellPath = /bin/sh;
			shellScript = "\"${SRCROOT}/Pods/Target Support Files/Pods-HiringAppCoreTests/Pods-HiringAppCoreTests-frameworks.sh\"\n";
			showEnvVarsInLog = 0;
		};
		F385C9381D03FB314394521F /* [CP] Copy Pods Resources */ = {
			isa = PBXShellScriptBuildPhase;
			buildActionMask = 2147483647;
			files = (
			);
			inputPaths = (
			);
			name = "[CP] Copy Pods Resources";
			outputPaths = (
			);
			runOnlyForDeploymentPostprocessing = 0;
			shellPath = /bin/sh;
			shellScript = "\"${SRCROOT}/Pods/Target Support Files/Pods-HiringAppTests/Pods-HiringAppTests-resources.sh\"\n";
			showEnvVarsInLog = 0;
		};
		F50282EEA9FE8F40775CDC63 /* [CP] Copy Pods Resources */ = {
			isa = PBXShellScriptBuildPhase;
			buildActionMask = 2147483647;
			files = (
			);
			inputPaths = (
			);
			name = "[CP] Copy Pods Resources";
			outputPaths = (
			);
			runOnlyForDeploymentPostprocessing = 0;
			shellPath = /bin/sh;
			shellScript = "\"${SRCROOT}/Pods/Target Support Files/Pods-HiringAppCoreTests/Pods-HiringAppCoreTests-resources.sh\"\n";
			showEnvVarsInLog = 0;
		};
/* End PBXShellScriptBuildPhase section */

/* Begin PBXSourcesBuildPhase section */
		780490B41EF184E200D03BEA /* Sources */ = {
			isa = PBXSourcesBuildPhase;
			buildActionMask = 2147483647;
			files = (
				788606BE1F0E430700CFFF9E /* AppRootViewController.swift in Sources */,
				788606BD1F0E42F100CFFF9E /* UIStackView+Utilities.swift in Sources */,
				788606BC1F0E42E800CFFF9E /* AppRouter.swift in Sources */,
				788606CB1F0E4F7B00CFFF9E /* ContactFormViewModel.swift in Sources */,
				788606BB1F0E42D000CFFF9E /* AppManager.swift in Sources */,
				7801E98C1F0A5518005A68A8 /* TechnologiesViewController.swift in Sources */,
				0E8F64141F0CDC9E00079C94 /* NSString.swift in Sources */,
				780490F31EF1886D00D03BEA /* UIView.swift in Sources */,
				7801E9881F0A5518005A68A8 /* TechnologiesBuilder.swift in Sources */,
				7801E98B1F0A5518005A68A8 /* TechnologiesRouter.swift in Sources */,
				788606CA1F0E4F7B00CFFF9E /* ContactFormViewController.swift in Sources */,
				7801E99E1F0A5682005A68A8 /* WalkthroughBuilder.swift in Sources */,
				7801E9A31F0A5682005A68A8 /* WalkthroughPresenter.swift in Sources */,
				7801E9A21F0A5682005A68A8 /* WalkthroughPageTwoViewController.swift in Sources */,
				7801E98A1F0A5518005A68A8 /* TechnologiesPresenter.swift in Sources */,
				7801E9891F0A5518005A68A8 /* TechnologiesInteractor.swift in Sources */,
				7801E99C1F0A5682005A68A8 /* WakthroughPageOneViewController.swift in Sources */,
				7801E9A01F0A5682005A68A8 /* WalkthroughPageFourViewController.swift in Sources */,
				7801E99B1F0A5682005A68A8 /* WalkthroughMapViewController.swift in Sources */,
				788606C71F0E4F7B00CFFF9E /* ContactFormInteractor.swift in Sources */,
				7801E99F1F0A5682005A68A8 /* WalkthroughContainerViewController.swift in Sources */,
				788606C91F0E4F7B00CFFF9E /* ContactFormRouter.swift in Sources */,
				7801E98D1F0A5518005A68A8 /* TechnologiesViewModel.swift in Sources */,
				7801E9A51F0A5682005A68A8 /* WalkthroughViewController.swift in Sources */,
				0E8F64191F0CDCBA00079C94 /* Utils.swift in Sources */,
				0E8F63F41F0CD90700079C94 /* R.generated.swift in Sources */,
				788606C81F0E4F7B00CFFF9E /* ContactFormPresenter.swift in Sources */,
				0E8F64151F0CDC9E00079C94 /* Stylesheet.swift in Sources */,
				0E8F64161F0CDC9E00079C94 /* Typeface.swift in Sources */,
				0E8F64131F0CDC9E00079C94 /* AvenirTypeface.swift in Sources */,
				0E8F64051F0CD94800079C94 /* ContactFormSent.swift in Sources */,
				788606C61F0E4F7B00CFFF9E /* ContactFormBuilder.swift in Sources */,
				0E55BC3F1F0E105F00C79B20 /* RoundedButton.swift in Sources */,
				780490BC1EF184E200D03BEA /* AppDelegate.swift in Sources */,
				B24D16701F03D0450030D5C2 /* Scene+Common.swift in Sources */,
				7801E9A41F0A5682005A68A8 /* WalkthroughRouter.swift in Sources */,
				7801E9A11F0A5682005A68A8 /* WalkthroughPageThreeViewController.swift in Sources */,
			);
			runOnlyForDeploymentPostprocessing = 0;
		};
		780490C81EF184E200D03BEA /* Sources */ = {
			isa = PBXSourcesBuildPhase;
			buildActionMask = 2147483647;
			files = (
				0E8F640D1F0CDBAF00079C94 /* ContactFormSnapshoTestCase.swift in Sources */,
				0E8F640A1F0CDB8E00079C94 /* TechnologiesViewModel+Fake.swift in Sources */,
				B24D166B1F03CAED0030D5C2 /* SnapshotTestCase.swift in Sources */,
				6E3FEB5E1F05131000D78426 /* TechnologyModel+Fake.swift in Sources */,
				0E8F64081F0CDB5600079C94 /* ContactFormViewModel+Fake.swift in Sources */,
				8A58949A1F04EB390096F59B /* TechnologiesTests.swift in Sources */,
			);
			runOnlyForDeploymentPostprocessing = 0;
		};
		780490D31EF184E200D03BEA /* Sources */ = {
			isa = PBXSourcesBuildPhase;
			buildActionMask = 2147483647;
			files = (
				780490DC1EF184E200D03BEA /* HiringAppUITests.swift in Sources */,
			);
			runOnlyForDeploymentPostprocessing = 0;
		};
		B24D163F1F03BC8C0030D5C2 /* Sources */ = {
			isa = PBXSourcesBuildPhase;
			buildActionMask = 2147483647;
			files = (
				B24D16651F03BCD40030D5C2 /* UtilityTests.swift in Sources */,
				B24D16631F03BCD40030D5C2 /* ProvidersTests.swift in Sources */,
				B24D165D1F03BCD40030D5C2 /* TechnologyModel+Fake.swift in Sources */,
				B24D165C1F03BCD40030D5C2 /* CandidateModel+Fake.swift in Sources */,
				B24D165E1F03BCD40030D5C2 /* TechnologyRealm+Fake.swift in Sources */,
				B24D16601F03BCD40030D5C2 /* HiringAppCoreTests.swift in Sources */,
				B24D165B1F03BCD40030D5C2 /* Data+JSON.swift in Sources */,
				B24D16641F03BCD40030D5C2 /* RepositoryTests.swift in Sources */,
			);
			runOnlyForDeploymentPostprocessing = 0;
		};
/* End PBXSourcesBuildPhase section */

/* Begin PBXTargetDependency section */
		780490CE1EF184E200D03BEA /* PBXTargetDependency */ = {
			isa = PBXTargetDependency;
			target = 780490B71EF184E200D03BEA /* HiringApp */;
			targetProxy = 780490CD1EF184E200D03BEA /* PBXContainerItemProxy */;
		};
		780490D91EF184E200D03BEA /* PBXTargetDependency */ = {
			isa = PBXTargetDependency;
			target = 780490B71EF184E200D03BEA /* HiringApp */;
			targetProxy = 780490D81EF184E200D03BEA /* PBXContainerItemProxy */;
		};
		B24D16491F03BC8C0030D5C2 /* PBXTargetDependency */ = {
			isa = PBXTargetDependency;
			target = 780490B71EF184E200D03BEA /* HiringApp */;
			targetProxy = B24D16481F03BC8C0030D5C2 /* PBXContainerItemProxy */;
		};
/* End PBXTargetDependency section */

/* Begin PBXVariantGroup section */
		0E8F63EE1F0CD90700079C94 /* Localizable.strings */ = {
			isa = PBXVariantGroup;
			children = (
				0E8F63EF1F0CD90700079C94 /* en */,
				0E8F63F01F0CD90700079C94 /* es */,
			);
			name = Localizable.strings;
			sourceTree = "<group>";
		};
/* End PBXVariantGroup section */

/* Begin XCBuildConfiguration section */
		780490DE1EF184E200D03BEA /* Debug */ = {
			isa = XCBuildConfiguration;
			buildSettings = {
				ALWAYS_SEARCH_USER_PATHS = NO;
				CLANG_ANALYZER_NONNULL = YES;
				CLANG_ANALYZER_NUMBER_OBJECT_CONVERSION = YES_AGGRESSIVE;
				CLANG_CXX_LANGUAGE_STANDARD = "gnu++0x";
				CLANG_CXX_LIBRARY = "libc++";
				CLANG_ENABLE_MODULES = YES;
				CLANG_ENABLE_OBJC_ARC = YES;
				CLANG_WARN_BOOL_CONVERSION = YES;
				CLANG_WARN_CONSTANT_CONVERSION = YES;
				CLANG_WARN_DIRECT_OBJC_ISA_USAGE = YES_ERROR;
				CLANG_WARN_DOCUMENTATION_COMMENTS = YES;
				CLANG_WARN_EMPTY_BODY = YES;
				CLANG_WARN_ENUM_CONVERSION = YES;
				CLANG_WARN_INFINITE_RECURSION = YES;
				CLANG_WARN_INT_CONVERSION = YES;
				CLANG_WARN_OBJC_ROOT_CLASS = YES_ERROR;
				CLANG_WARN_SUSPICIOUS_MOVE = YES;
				CLANG_WARN_UNREACHABLE_CODE = YES;
				CLANG_WARN__DUPLICATE_METHOD_MATCH = YES;
				"CODE_SIGN_IDENTITY[sdk=iphoneos*]" = "iPhone Developer";
				COPY_PHASE_STRIP = NO;
				DEBUG_INFORMATION_FORMAT = dwarf;
				ENABLE_STRICT_OBJC_MSGSEND = YES;
				ENABLE_TESTABILITY = YES;
				GCC_C_LANGUAGE_STANDARD = gnu99;
				GCC_DYNAMIC_NO_PIC = NO;
				GCC_NO_COMMON_BLOCKS = YES;
				GCC_OPTIMIZATION_LEVEL = 0;
				GCC_PREPROCESSOR_DEFINITIONS = (
					"DEBUG=1",
					"$(inherited)",
				);
				GCC_WARN_64_TO_32_BIT_CONVERSION = YES;
				GCC_WARN_ABOUT_RETURN_TYPE = YES_ERROR;
				GCC_WARN_UNDECLARED_SELECTOR = YES;
				GCC_WARN_UNINITIALIZED_AUTOS = YES_AGGRESSIVE;
				GCC_WARN_UNUSED_FUNCTION = YES;
				GCC_WARN_UNUSED_VARIABLE = YES;
				IPHONEOS_DEPLOYMENT_TARGET = 10.0;
				MTL_ENABLE_DEBUG_INFO = YES;
				ONLY_ACTIVE_ARCH = YES;
				SDKROOT = iphoneos;
				SWIFT_ACTIVE_COMPILATION_CONDITIONS = DEBUG;
				SWIFT_OPTIMIZATION_LEVEL = "-Onone";
			};
			name = Debug;
		};
		780490DF1EF184E200D03BEA /* Release */ = {
			isa = XCBuildConfiguration;
			buildSettings = {
				ALWAYS_SEARCH_USER_PATHS = NO;
				CLANG_ANALYZER_NONNULL = YES;
				CLANG_ANALYZER_NUMBER_OBJECT_CONVERSION = YES_AGGRESSIVE;
				CLANG_CXX_LANGUAGE_STANDARD = "gnu++0x";
				CLANG_CXX_LIBRARY = "libc++";
				CLANG_ENABLE_MODULES = YES;
				CLANG_ENABLE_OBJC_ARC = YES;
				CLANG_WARN_BOOL_CONVERSION = YES;
				CLANG_WARN_CONSTANT_CONVERSION = YES;
				CLANG_WARN_DIRECT_OBJC_ISA_USAGE = YES_ERROR;
				CLANG_WARN_DOCUMENTATION_COMMENTS = YES;
				CLANG_WARN_EMPTY_BODY = YES;
				CLANG_WARN_ENUM_CONVERSION = YES;
				CLANG_WARN_INFINITE_RECURSION = YES;
				CLANG_WARN_INT_CONVERSION = YES;
				CLANG_WARN_OBJC_ROOT_CLASS = YES_ERROR;
				CLANG_WARN_SUSPICIOUS_MOVE = YES;
				CLANG_WARN_UNREACHABLE_CODE = YES;
				CLANG_WARN__DUPLICATE_METHOD_MATCH = YES;
				"CODE_SIGN_IDENTITY[sdk=iphoneos*]" = "iPhone Developer";
				COPY_PHASE_STRIP = NO;
				DEBUG_INFORMATION_FORMAT = "dwarf-with-dsym";
				ENABLE_NS_ASSERTIONS = NO;
				ENABLE_STRICT_OBJC_MSGSEND = YES;
				GCC_C_LANGUAGE_STANDARD = gnu99;
				GCC_NO_COMMON_BLOCKS = YES;
				GCC_WARN_64_TO_32_BIT_CONVERSION = YES;
				GCC_WARN_ABOUT_RETURN_TYPE = YES_ERROR;
				GCC_WARN_UNDECLARED_SELECTOR = YES;
				GCC_WARN_UNINITIALIZED_AUTOS = YES_AGGRESSIVE;
				GCC_WARN_UNUSED_FUNCTION = YES;
				GCC_WARN_UNUSED_VARIABLE = YES;
				IPHONEOS_DEPLOYMENT_TARGET = 10.0;
				MTL_ENABLE_DEBUG_INFO = NO;
				SDKROOT = iphoneos;
				SWIFT_OPTIMIZATION_LEVEL = "-Owholemodule";
				VALIDATE_PRODUCT = YES;
			};
			name = Release;
		};
		780490E11EF184E200D03BEA /* Debug */ = {
			isa = XCBuildConfiguration;
			baseConfigurationReference = 034B0441CD5C6F76FDCBD94F /* Pods-HiringApp.debug.xcconfig */;
			buildSettings = {
				ASSETCATALOG_COMPILER_APPICON_NAME = AppIcon;
				CLANG_ENABLE_MODULES = YES;
				DEVELOPMENT_TEAM = 8TPCY3528B;
				FRAMEWORK_SEARCH_PATHS = (
					"$(inherited)",
					"$(PROJECT_DIR)",
				);
				INFOPLIST_FILE = HiringApp/Info.plist;
				LD_RUNPATH_SEARCH_PATHS = "$(inherited) @executable_path/Frameworks";
				PRODUCT_BUNDLE_IDENTIFIER = com.visualengin.HiringApp;
				PRODUCT_NAME = "$(TARGET_NAME)";
				SWIFT_OBJC_BRIDGING_HEADER = "HiringApp/HiringApp-Bridging-Header.h";
				SWIFT_OPTIMIZATION_LEVEL = "-Onone";
				SWIFT_VERSION = 3.0;
			};
			name = Debug;
		};
		780490E21EF184E200D03BEA /* Release */ = {
			isa = XCBuildConfiguration;
			baseConfigurationReference = 6BE93220D82AC46DE992C47D /* Pods-HiringApp.release.xcconfig */;
			buildSettings = {
				ASSETCATALOG_COMPILER_APPICON_NAME = AppIcon;
				CLANG_ENABLE_MODULES = YES;
				DEVELOPMENT_TEAM = 8TPCY3528B;
				FRAMEWORK_SEARCH_PATHS = (
					"$(inherited)",
					"$(PROJECT_DIR)",
				);
				INFOPLIST_FILE = HiringApp/Info.plist;
				LD_RUNPATH_SEARCH_PATHS = "$(inherited) @executable_path/Frameworks";
				PRODUCT_BUNDLE_IDENTIFIER = com.visualengin.HiringApp;
				PRODUCT_NAME = "$(TARGET_NAME)";
				SWIFT_OBJC_BRIDGING_HEADER = "HiringApp/HiringApp-Bridging-Header.h";
				SWIFT_VERSION = 3.0;
			};
			name = Release;
		};
		780490E41EF184E200D03BEA /* Debug */ = {
			isa = XCBuildConfiguration;
			baseConfigurationReference = D8A2C85A5DD7300D050F24CB /* Pods-HiringAppTests.debug.xcconfig */;
			buildSettings = {
				ALWAYS_EMBED_SWIFT_STANDARD_LIBRARIES = YES;
				BUNDLE_LOADER = "$(TEST_HOST)";
				CLANG_ENABLE_MODULES = YES;
				DEVELOPMENT_TEAM = U57BHELK4C;
				FRAMEWORK_SEARCH_PATHS = (
					"$(inherited)",
					"\"$PODS_CONFIGURATION_BUILD_DIR/Decodable\"",
					"\"$PODS_CONFIGURATION_BUILD_DIR/Alamofire\"",
					"\"$PODS_CONFIGURATION_BUILD_DIR/BNRDeferred\"",
					"\"$PODS_CONFIGURATION_BUILD_DIR/BSWFoundation\"",
					"\"$PODS_CONFIGURATION_BUILD_DIR/Decodable\"",
					"\"$PODS_CONFIGURATION_BUILD_DIR/HiringAppCore\"",
					"\"$PODS_CONFIGURATION_BUILD_DIR/KeychainAccess\"",
					"$(PROJECT_DIR)",
				);
				INFOPLIST_FILE = HiringAppTests/Info.plist;
				LD_RUNPATH_SEARCH_PATHS = "$(inherited) @executable_path/Frameworks @loader_path/Frameworks";
				PRODUCT_BUNDLE_IDENTIFIER = com.visualengin.HiringAppTests;
				PRODUCT_NAME = "$(TARGET_NAME)";
				SWIFT_OPTIMIZATION_LEVEL = "-Onone";
				SWIFT_VERSION = 3.0;
				TEST_HOST = "$(BUILT_PRODUCTS_DIR)/HiringApp.app/HiringApp";
			};
			name = Debug;
		};
		780490E51EF184E200D03BEA /* Release */ = {
			isa = XCBuildConfiguration;
			baseConfigurationReference = D5E6658F1F115D7D69C42E18 /* Pods-HiringAppTests.release.xcconfig */;
			buildSettings = {
				ALWAYS_EMBED_SWIFT_STANDARD_LIBRARIES = YES;
				BUNDLE_LOADER = "$(TEST_HOST)";
				CLANG_ENABLE_MODULES = YES;
				DEVELOPMENT_TEAM = U57BHELK4C;
				FRAMEWORK_SEARCH_PATHS = (
					"$(inherited)",
					"\"$PODS_CONFIGURATION_BUILD_DIR/Decodable\"",
					"\"$PODS_CONFIGURATION_BUILD_DIR/Alamofire\"",
					"\"$PODS_CONFIGURATION_BUILD_DIR/BNRDeferred\"",
					"\"$PODS_CONFIGURATION_BUILD_DIR/BSWFoundation\"",
					"\"$PODS_CONFIGURATION_BUILD_DIR/Decodable\"",
					"\"$PODS_CONFIGURATION_BUILD_DIR/HiringAppCore\"",
					"\"$PODS_CONFIGURATION_BUILD_DIR/KeychainAccess\"",
					"$(PROJECT_DIR)",
				);
				INFOPLIST_FILE = HiringAppTests/Info.plist;
				LD_RUNPATH_SEARCH_PATHS = "$(inherited) @executable_path/Frameworks @loader_path/Frameworks";
				PRODUCT_BUNDLE_IDENTIFIER = com.visualengin.HiringAppTests;
				PRODUCT_NAME = "$(TARGET_NAME)";
				SWIFT_VERSION = 3.0;
				TEST_HOST = "$(BUILT_PRODUCTS_DIR)/HiringApp.app/HiringApp";
			};
			name = Release;
		};
		780490E71EF184E200D03BEA /* Debug */ = {
			isa = XCBuildConfiguration;
			buildSettings = {
				ALWAYS_EMBED_SWIFT_STANDARD_LIBRARIES = YES;
				DEVELOPMENT_TEAM = U57BHELK4C;
				INFOPLIST_FILE = HiringAppUITests/Info.plist;
				LD_RUNPATH_SEARCH_PATHS = "$(inherited) @executable_path/Frameworks @loader_path/Frameworks";
				PRODUCT_BUNDLE_IDENTIFIER = com.visualengin.HiringAppUITests;
				PRODUCT_NAME = "$(TARGET_NAME)";
				SWIFT_VERSION = 3.0;
				TEST_TARGET_NAME = HiringApp;
			};
			name = Debug;
		};
		780490E81EF184E200D03BEA /* Release */ = {
			isa = XCBuildConfiguration;
			buildSettings = {
				ALWAYS_EMBED_SWIFT_STANDARD_LIBRARIES = YES;
				DEVELOPMENT_TEAM = U57BHELK4C;
				INFOPLIST_FILE = HiringAppUITests/Info.plist;
				LD_RUNPATH_SEARCH_PATHS = "$(inherited) @executable_path/Frameworks @loader_path/Frameworks";
				PRODUCT_BUNDLE_IDENTIFIER = com.visualengin.HiringAppUITests;
				PRODUCT_NAME = "$(TARGET_NAME)";
				SWIFT_VERSION = 3.0;
				TEST_TARGET_NAME = HiringApp;
			};
			name = Release;
		};
		B24D164B1F03BC8D0030D5C2 /* Debug */ = {
			isa = XCBuildConfiguration;
			baseConfigurationReference = 0ACB5A7BA75307C18CB655DA /* Pods-HiringAppCoreTests.debug.xcconfig */;
			buildSettings = {
				BUNDLE_LOADER = "$(TEST_HOST)";
				DEVELOPMENT_TEAM = U57BHELK4C;
				INFOPLIST_FILE = HiringAppCoreTests/Info.plist;
				LD_RUNPATH_SEARCH_PATHS = "$(inherited) @executable_path/Frameworks @loader_path/Frameworks";
				PRODUCT_BUNDLE_IDENTIFIER = com.visualengin.HiringAppCoreTests;
				PRODUCT_NAME = "$(TARGET_NAME)";
				SWIFT_VERSION = 3.0;
				TEST_HOST = "$(BUILT_PRODUCTS_DIR)/HiringApp.app/HiringApp";
			};
			name = Debug;
		};
		B24D164C1F03BC8D0030D5C2 /* Release */ = {
			isa = XCBuildConfiguration;
			baseConfigurationReference = 0895AA4230E3280BEBE593BB /* Pods-HiringAppCoreTests.release.xcconfig */;
			buildSettings = {
				BUNDLE_LOADER = "$(TEST_HOST)";
				DEVELOPMENT_TEAM = U57BHELK4C;
				INFOPLIST_FILE = HiringAppCoreTests/Info.plist;
				LD_RUNPATH_SEARCH_PATHS = "$(inherited) @executable_path/Frameworks @loader_path/Frameworks";
				PRODUCT_BUNDLE_IDENTIFIER = com.visualengin.HiringAppCoreTests;
				PRODUCT_NAME = "$(TARGET_NAME)";
				SWIFT_VERSION = 3.0;
				TEST_HOST = "$(BUILT_PRODUCTS_DIR)/HiringApp.app/HiringApp";
			};
			name = Release;
		};
/* End XCBuildConfiguration section */

/* Begin XCConfigurationList section */
		780490B31EF184E200D03BEA /* Build configuration list for PBXProject "HiringApp" */ = {
			isa = XCConfigurationList;
			buildConfigurations = (
				780490DE1EF184E200D03BEA /* Debug */,
				780490DF1EF184E200D03BEA /* Release */,
			);
			defaultConfigurationIsVisible = 0;
			defaultConfigurationName = Release;
		};
		780490E01EF184E200D03BEA /* Build configuration list for PBXNativeTarget "HiringApp" */ = {
			isa = XCConfigurationList;
			buildConfigurations = (
				780490E11EF184E200D03BEA /* Debug */,
				780490E21EF184E200D03BEA /* Release */,
			);
			defaultConfigurationIsVisible = 0;
			defaultConfigurationName = Release;
		};
		780490E31EF184E200D03BEA /* Build configuration list for PBXNativeTarget "HiringAppTests" */ = {
			isa = XCConfigurationList;
			buildConfigurations = (
				780490E41EF184E200D03BEA /* Debug */,
				780490E51EF184E200D03BEA /* Release */,
			);
			defaultConfigurationIsVisible = 0;
			defaultConfigurationName = Release;
		};
		780490E61EF184E200D03BEA /* Build configuration list for PBXNativeTarget "HiringAppUITests" */ = {
			isa = XCConfigurationList;
			buildConfigurations = (
				780490E71EF184E200D03BEA /* Debug */,
				780490E81EF184E200D03BEA /* Release */,
			);
			defaultConfigurationIsVisible = 0;
			defaultConfigurationName = Release;
		};
		B24D164A1F03BC8D0030D5C2 /* Build configuration list for PBXNativeTarget "HiringAppCoreTests" */ = {
			isa = XCConfigurationList;
			buildConfigurations = (
				B24D164B1F03BC8D0030D5C2 /* Debug */,
				B24D164C1F03BC8D0030D5C2 /* Release */,
			);
			defaultConfigurationIsVisible = 0;
			defaultConfigurationName = Release;
		};
/* End XCConfigurationList section */
	};
	rootObject = 780490B01EF184E200D03BEA /* Project object */;
}
